
Microsoft Visual Studio Solution File, Format Version 12.00
# Visual Studio 15
VisualStudioVersion = 15.0.27130.2010
MinimumVisualStudioVersion = 10.0.40219.1
Project("{FAE04EC0-301F-11D3-BF4B-00C04F79EFBC}") = "SdlSetup", "SdlSetup\SdlSetup.csproj", "{0C93C2C0-67CB-4ED9-B8E3-C66E5534C264}"
EndProject
Global
	GlobalSection(SolutionConfigurationPlatforms) = preSolution
		Debug|Any CPU = Debug|Any CPU
		Release|Any CPU = Release|Any CPU
	EndGlobalSection
	GlobalSection(ProjectConfigurationPlatforms) = postSolution
		{0C93C2C0-67CB-4ED9-B8E3-C66E5534C264}.Debug|Any CPU.ActiveCfg = Debug|Any CPU
		{0C93C2C0-67CB-4ED9-B8E3-C66E5534C264}.Debug|Any CPU.Build.0 = Debug|Any CPU
		{0C93C2C0-67CB-4ED9-B8E3-C66E5534C264}.Release|Any CPU.ActiveCfg = Release|Any CPU
		{0C93C2C0-67CB-4ED9-B8E3-C66E5534C264}.Release|Any CPU.Build.0 = Release|Any CPU
	EndGlobalSection
	GlobalSection(SolutionProperties) = preSolution
		HideSolutionNode = FALSE
	EndGlobalSection
	GlobalSection(ExtensibilityGlobals) = postSolution
		SolutionGuid = {BC2AF5C0-7A6D-4AEB-B50B-890B9CDC20ED}
	EndGlobalSection
EndGlobal
